
Microsoft Visual Studio Solution File, Format Version 12.00
# Visual Studio Version 16
VisualStudioVersion = 16.0.31129.286
MinimumVisualStudioVersion = 10.0.40219.1
Project("{9A19103F-16F7-4668-BE54-9A1E7A4F7556}") = "KramDeliverFoodCompleted", "KramDeliverFoodCompleted\KramDeliverFoodCompleted.csproj", "{B70451AD-EF38-44B6-99AC-A9DB73D69B48}"
EndProject
Global
	GlobalSection(SolutionConfigurationPlatforms) = preSolution
		Debug|Any CPU = Debug|Any CPU
		Release|Any CPU = Release|Any CPU
	EndGlobalSection
	GlobalSection(ProjectConfigurationPlatforms) = postSolution
		{B70451AD-EF38-44B6-99AC-A9DB73D69B48}.Debug|Any CPU.ActiveCfg = Debug|Any CPU
		{B70451AD-EF38-44B6-99AC-A9DB73D69B48}.Debug|Any CPU.Build.0 = Debug|Any CPU
		{B70451AD-EF38-44B6-99AC-A9DB73D69B48}.Release|Any CPU.ActiveCfg = Release|Any CPU
		{B70451AD-EF38-44B6-99AC-A9DB73D69B48}.Release|Any CPU.Build.0 = Release|Any CPU
	EndGlobalSection
	GlobalSection(SolutionProperties) = preSolution
		HideSolutionNode = FALSE
	EndGlobalSection
	GlobalSection(ExtensibilityGlobals) = postSolution
		SolutionGuid = {27367BC0-5D63-4087-B988-C83D15E2FD71}
	EndGlobalSection
EndGlobal
