
Microsoft Visual Studio Solution File, Format Version 12.00
# Visual Studio Version 16
VisualStudioVersion = 16.0.31613.86
MinimumVisualStudioVersion = 10.0.40219.1
Project("{9A19103F-16F7-4668-BE54-9A1E7A4F7556}") = "KramDeliveryFoodAPI", "KramDeliveryFoodAPI\KramDeliveryFoodAPI.csproj", "{DAC59FC3-BA6C-4B95-87AA-EC378B9BAC0F}"
EndProject
Project("{9A19103F-16F7-4668-BE54-9A1E7A4F7556}") = "KramDeliverFoodCompleted", "..\..\OnlineMarket\KramDeliverFoodCompleted\KramDeliverFoodCompleted.csproj", "{885B9FAF-9FF4-48B1-A466-82EA2459397A}"
EndProject
Project("{9A19103F-16F7-4668-BE54-9A1E7A4F7556}") = "KramDeliveryFood.Data", "..\..\KramDeliveryFood_v3\KramDeliveryFood.Data\KramDeliveryFood.Data.csproj", "{458CE6C6-0B40-4980-9161-28420BC61A28}"
EndProject
Project("{9A19103F-16F7-4668-BE54-9A1E7A4F7556}") = "KramDeliveryFood.Structure", "..\..\KramDeliveryFood_v3\KramDeliveryFood.Models\KramDeliveryFood.Structure.csproj", "{F61CA741-8DB9-4C8D-B9DA-53830D9282C0}"
EndProject
Global
	GlobalSection(SolutionConfigurationPlatforms) = preSolution
		Debug|Any CPU = Debug|Any CPU
		Release|Any CPU = Release|Any CPU
	EndGlobalSection
	GlobalSection(ProjectConfigurationPlatforms) = postSolution
		{DAC59FC3-BA6C-4B95-87AA-EC378B9BAC0F}.Debug|Any CPU.ActiveCfg = Debug|Any CPU
		{DAC59FC3-BA6C-4B95-87AA-EC378B9BAC0F}.Debug|Any CPU.Build.0 = Debug|Any CPU
		{DAC59FC3-BA6C-4B95-87AA-EC378B9BAC0F}.Release|Any CPU.ActiveCfg = Release|Any CPU
		{DAC59FC3-BA6C-4B95-87AA-EC378B9BAC0F}.Release|Any CPU.Build.0 = Release|Any CPU
		{885B9FAF-9FF4-48B1-A466-82EA2459397A}.Debug|Any CPU.ActiveCfg = Debug|Any CPU
		{885B9FAF-9FF4-48B1-A466-82EA2459397A}.Debug|Any CPU.Build.0 = Debug|Any CPU
		{885B9FAF-9FF4-48B1-A466-82EA2459397A}.Release|Any CPU.ActiveCfg = Release|Any CPU
		{885B9FAF-9FF4-48B1-A466-82EA2459397A}.Release|Any CPU.Build.0 = Release|Any CPU
		{458CE6C6-0B40-4980-9161-28420BC61A28}.Debug|Any CPU.ActiveCfg = Debug|Any CPU
		{458CE6C6-0B40-4980-9161-28420BC61A28}.Debug|Any CPU.Build.0 = Debug|Any CPU
		{458CE6C6-0B40-4980-9161-28420BC61A28}.Release|Any CPU.ActiveCfg = Release|Any CPU
		{458CE6C6-0B40-4980-9161-28420BC61A28}.Release|Any CPU.Build.0 = Release|Any CPU
		{F61CA741-8DB9-4C8D-B9DA-53830D9282C0}.Debug|Any CPU.ActiveCfg = Debug|Any CPU
		{F61CA741-8DB9-4C8D-B9DA-53830D9282C0}.Debug|Any CPU.Build.0 = Debug|Any CPU
		{F61CA741-8DB9-4C8D-B9DA-53830D9282C0}.Release|Any CPU.ActiveCfg = Release|Any CPU
		{F61CA741-8DB9-4C8D-B9DA-53830D9282C0}.Release|Any CPU.Build.0 = Release|Any CPU
	EndGlobalSection
	GlobalSection(SolutionProperties) = preSolution
		HideSolutionNode = FALSE
	EndGlobalSection
	GlobalSection(ExtensibilityGlobals) = postSolution
		SolutionGuid = {6A81876C-93A5-4B09-AF70-BBD1AC446A1D}
	EndGlobalSection
EndGlobal
